
Microsoft Visual Studio Solution File, Format Version 12.00
# Visual Studio Version 16
VisualStudioVersion = 16.0.31515.178
MinimumVisualStudioVersion = 10.0.40219.1
Project("{FAE04EC0-301F-11D3-BF4B-00C04F79EFBC}") = "DXApplication1", "DXApplication1\DXApplication1.csproj", "{A972AAB8-1A6A-48A0-9D24-C6484EB2A196}"
EndProject
Global
	GlobalSection(SolutionConfigurationPlatforms) = preSolution
		Debug|Any CPU = Debug|Any CPU
		Release|Any CPU = Release|Any CPU
	EndGlobalSection
	GlobalSection(ProjectConfigurationPlatforms) = postSolution
		{A972AAB8-1A6A-48A0-9D24-C6484EB2A196}.Debug|Any CPU.ActiveCfg = Debug|Any CPU
		{A972AAB8-1A6A-48A0-9D24-C6484EB2A196}.Debug|Any CPU.Build.0 = Debug|Any CPU
		{A972AAB8-1A6A-48A0-9D24-C6484EB2A196}.Release|Any CPU.ActiveCfg = Release|Any CPU
		{A972AAB8-1A6A-48A0-9D24-C6484EB2A196}.Release|Any CPU.Build.0 = Release|Any CPU
	EndGlobalSection
	GlobalSection(SolutionProperties) = preSolution
		HideSolutionNode = FALSE
	EndGlobalSection
	GlobalSection(ExtensibilityGlobals) = postSolution
		SolutionGuid = {EE05E176-3AFE-437E-8B6B-E373EBC7877B}
	EndGlobalSection
EndGlobal
